
Microsoft Visual Studio Solution File, Format Version 12.00
# Visual Studio Version 17
VisualStudioVersion = 17.7.34221.43
MinimumVisualStudioVersion = 10.0.40219.1
Project("{FAE04EC0-301F-11D3-BF4B-00C04F79EFBC}") = "gavdari faz1", "gavdari faz1\gavdari faz1.csproj", "{27DAE0AB-9272-411B-84BF-1D455063C2ED}"
EndProject
Global
	GlobalSection(SolutionConfigurationPlatforms) = preSolution
		Debug|Any CPU = Debug|Any CPU
		Release|Any CPU = Release|Any CPU
	EndGlobalSection
	GlobalSection(ProjectConfigurationPlatforms) = postSolution
		{27DAE0AB-9272-411B-84BF-1D455063C2ED}.Debug|Any CPU.ActiveCfg = Debug|Any CPU
		{27DAE0AB-9272-411B-84BF-1D455063C2ED}.Debug|Any CPU.Build.0 = Debug|Any CPU
		{27DAE0AB-9272-411B-84BF-1D455063C2ED}.Release|Any CPU.ActiveCfg = Release|Any CPU
		{27DAE0AB-9272-411B-84BF-1D455063C2ED}.Release|Any CPU.Build.0 = Release|Any CPU
	EndGlobalSection
	GlobalSection(SolutionProperties) = preSolution
		HideSolutionNode = FALSE
	EndGlobalSection
	GlobalSection(ExtensibilityGlobals) = postSolution
		SolutionGuid = {C82AD142-4591-4F14-BC56-130624962434}
	EndGlobalSection
EndGlobal
